// !$*UTF8*$!
{
	archiveVersion = 1;
	classes = {
	};
	objectVersion = 77;
	objects = {

/* Begin PBXBuildFile section */
		3D11527F2EAFB66200FC2980 /* ChatLLM 2.icon in Resources */ = {isa = PBXBuildFile; fileRef = 3D11527E2EAFB66200FC2980 /* ChatLLM 2.icon */; };
		3D1342292EF6F07600AB678F /* Tokenizers in Frameworks */ = {isa = PBXBuildFile; productRef = 3D1342302EF6F07600AB678F /* Tokenizers */; };
		3DD829762EB154F000D2EE7F /* AsyncAlgorithms in Frameworks */ = {isa = PBXBuildFile; productRef = 3DD829752EB154F000D2EE7F /* AsyncAlgorithms */; };
/* End PBXBuildFile section */

/* Begin PBXContainerItemProxy section */
		3DAC54562EAC24760054484A /* PBXContainerItemProxy */ = {
			isa = PBXContainerItemProxy;
			containerPortal = 3DAC543E2EAC24740054484A /* Project object */;
			proxyType = 1;
			remoteGlobalIDString = 3DAC54452EAC24740054484A;
			remoteInfo = "On-Device_LLM_Chat";
		};
		3DAC54602EAC24760054484A /* PBXContainerItemProxy */ = {
			isa = PBXContainerItemProxy;
			containerPortal = 3DAC543E2EAC24740054484A /* Project object */;
			proxyType = 1;
			remoteGlobalIDString = 3DAC54452EAC24740054484A;
			remoteInfo = "On-Device_LLM_Chat";
		};
/* End PBXContainerItemProxy section */

/* Begin PBXFileReference section */
		3D11527E2EAFB66200FC2980 /* ChatLLM 2.icon */ = {isa = PBXFileReference; lastKnownFileType = folder.iconcomposer.icon; path = "ChatLLM 2.icon"; sourceTree = "<group>"; };
		3DAC54462EAC24740054484A /* On-Device_LLM_Chat.app */ = {isa = PBXFileReference; explicitFileType = wrapper.application; includeInIndex = 0; path = "On-Device_LLM_Chat.app"; sourceTree = BUILT_PRODUCTS_DIR; };
		3DAC54552EAC24760054484A /* On-Device_LLM_ChatTests.xctest */ = {isa = PBXFileReference; explicitFileType = wrapper.cfbundle; includeInIndex = 0; path = "On-Device_LLM_ChatTests.xctest"; sourceTree = BUILT_PRODUCTS_DIR; };
		3DAC545F2EAC24760054484A /* On-Device_LLM_ChatUITests.xctest */ = {isa = PBXFileReference; explicitFileType = wrapper.cfbundle; includeInIndex = 0; path = "On-Device_LLM_ChatUITests.xctest"; sourceTree = BUILT_PRODUCTS_DIR; };
/* End PBXFileReference section */

/* Begin PBXFileSystemSynchronizedBuildFileExceptionSet section */
		E5FD88882F548912004FD5CC /* Exceptions for "On-Device_LLM_Chat" folder in "On-Device_LLM_Chat" target */ = {
			isa = PBXFileSystemSynchronizedBuildFileExceptionSet;
			membershipExceptions = (
				CoreML.xcconfig,
			);
			target = 3DAC54452EAC24740054484A /* On-Device_LLM_Chat */;
		};
/* End PBXFileSystemSynchronizedBuildFileExceptionSet section */

/* Begin PBXFileSystemSynchronizedRootGroup section */
		3DAC54482EAC24740054484A /* On-Device_LLM_Chat */ = {
			isa = PBXFileSystemSynchronizedRootGroup;
			exceptions = (
				E5FD88882F548912004FD5CC /* Exceptions for "On-Device_LLM_Chat" folder in "On-Device_LLM_Chat" target */,
			);
			path = "On-Device_LLM_Chat";
			sourceTree = "<group>";
		};
		3DAC54582EAC24760054484A /* On-Device_LLM_ChatTests */ = {
			isa = PBXFileSystemSynchronizedRootGroup;
			path = "On-Device_LLM_ChatTests";
			sourceTree = "<group>";
		};
		3DAC54622EAC24760054484A /* On-Device_LLM_ChatUITests */ = {
			isa = PBXFileSystemSynchronizedRootGroup;
			path = "On-Device_LLM_ChatUITests";
			sourceTree = "<group>";
		};
/* End PBXFileSystemSynchronizedRootGroup section */

/* Begin PBXFrameworksBuildPhase section */
		3DAC54432EAC24740054484A /* Frameworks */ = {
			isa = PBXFrameworksBuildPhase;
			buildActionMask = 2147483647;
			files = (
				3D1342292EF6F07600AB678F /* Tokenizers in Frameworks */,
			);
			runOnlyForDeploymentPostprocessing = 0;
		};
		3DAC54522EAC24760054484A /* Frameworks */ = {
			isa = PBXFrameworksBuildPhase;
			buildActionMask = 2147483647;
			files = (
				3DD829762EB154F000D2EE7F /* AsyncAlgorithms in Frameworks */,
			);
			runOnlyForDeploymentPostprocessing = 0;
		};
		3DAC545C2EAC24760054484A /* Frameworks */ = {
			isa = PBXFrameworksBuildPhase;
			buildActionMask = 2147483647;
			files = (
			);
			runOnlyForDeploymentPostprocessing = 0;
		};
/* End PBXFrameworksBuildPhase section */

/* Begin PBXGroup section */
		3DAC543D2EAC24740054484A = {
			isa = PBXGroup;
			children = (
				3DAC54482EAC24740054484A /* On-Device_LLM_Chat */,
				3DAC54582EAC24760054484A /* On-Device_LLM_ChatTests */,
				3DAC54622EAC24760054484A /* On-Device_LLM_ChatUITests */,
				3DAC54472EAC24740054484A /* Products */,
				3D11527E2EAFB66200FC2980 /* ChatLLM 2.icon */,
			);
			sourceTree = "<group>";
		};
		3DAC54472EAC24740054484A /* Products */ = {
			isa = PBXGroup;
			children = (
				3DAC54462EAC24740054484A /* On-Device_LLM_Chat.app */,
				3DAC54552EAC24760054484A /* On-Device_LLM_ChatTests.xctest */,
				3DAC545F2EAC24760054484A /* On-Device_LLM_ChatUITests.xctest */,
			);
			name = Products;
			sourceTree = "<group>";
		};
/* End PBXGroup section */

/* Begin PBXNativeTarget section */
		3DAC54452EAC24740054484A /* On-Device_LLM_Chat */ = {
			isa = PBXNativeTarget;
			buildConfigurationList = 3DAC54692EAC24760054484A /* Build configuration list for PBXNativeTarget "On-Device_LLM_Chat" */;
			buildPhases = (
				3DAC54422EAC24740054484A /* Sources */,
				3DAC54432EAC24740054484A /* Frameworks */,
				3DAC54442EAC24740054484A /* Resources */,
			);
			buildRules = (
			);
			dependencies = (
			);
			fileSystemSynchronizedGroups = (
				3DAC54482EAC24740054484A /* On-Device_LLM_Chat */,
			);
			name = "On-Device_LLM_Chat";
			packageProductDependencies = (
				3D1342302EF6F07600AB678F /* Tokenizers */,
			);
			productName = "On-Device_LLM_Chat";
			productReference = 3DAC54462EAC24740054484A /* On-Device_LLM_Chat.app */;
			productType = "com.apple.product-type.application";
		};
		3DAC54542EAC24760054484A /* On-Device_LLM_ChatTests */ = {
			isa = PBXNativeTarget;
			buildConfigurationList = 3DAC546C2EAC24760054484A /* Build configuration list for PBXNativeTarget "On-Device_LLM_ChatTests" */;
			buildPhases = (
				3DAC54512EAC24760054484A /* Sources */,
				3DAC54522EAC24760054484A /* Frameworks */,
				3DAC54532EAC24760054484A /* Resources */,
			);
			buildRules = (
			);
			dependencies = (
				3DAC54572EAC24760054484A /* PBXTargetDependency */,
			);
			fileSystemSynchronizedGroups = (
				3DAC54582EAC24760054484A /* On-Device_LLM_ChatTests */,
			);
			name = "On-Device_LLM_ChatTests";
			packageProductDependencies = (
				3DD829752EB154F000D2EE7F /* AsyncAlgorithms */,
			);
			productName = "On-Device_LLM_ChatTests";
			productReference = 3DAC54552EAC24760054484A /* On-Device_LLM_ChatTests.xctest */;
			productType = "com.apple.product-type.bundle.unit-test";
		};
		3DAC545E2EAC24760054484A /* On-Device_LLM_ChatUITests */ = {
			isa = PBXNativeTarget;
			buildConfigurationList = 3DAC546F2EAC24760054484A /* Build configuration list for PBXNativeTarget "On-Device_LLM_ChatUITests" */;
			buildPhases = (
				3DAC545B2EAC24760054484A /* Sources */,
				3DAC545C2EAC24760054484A /* Frameworks */,
				3DAC545D2EAC24760054484A /* Resources */,
			);
			buildRules = (
			);
			dependencies = (
				3DAC54612EAC24760054484A /* PBXTargetDependency */,
			);
			fileSystemSynchronizedGroups = (
				3DAC54622EAC24760054484A /* On-Device_LLM_ChatUITests */,
			);
			name = "On-Device_LLM_ChatUITests";
			packageProductDependencies = (
			);
			productName = "On-Device_LLM_ChatUITests";
			productReference = 3DAC545F2EAC24760054484A /* On-Device_LLM_ChatUITests.xctest */;
			productType = "com.apple.product-type.bundle.ui-testing";
		};
/* End PBXNativeTarget section */

/* Begin PBXProject section */
		3DAC543E2EAC24740054484A /* Project object */ = {
			isa = PBXProject;
			attributes = {
				BuildIndependentTargetsInParallel = 1;
				LastSwiftUpdateCheck = 2600;
				LastUpgradeCheck = 2630;
				TargetAttributes = {
					3DAC54452EAC24740054484A = {
						CreatedOnToolsVersion = 26.0.1;
					};
					3DAC54542EAC24760054484A = {
						CreatedOnToolsVersion = 26.0.1;
						TestTargetID = 3DAC54452EAC24740054484A;
					};
					3DAC545E2EAC24760054484A = {
						CreatedOnToolsVersion = 26.0.1;
						TestTargetID = 3DAC54452EAC24740054484A;
					};
				};
			};
			buildConfigurationList = 3DAC54412EAC24740054484A /* Build configuration list for PBXProject "ChatLLM" */;
			developmentRegion = en;
			hasScannedForEncodings = 0;
			knownRegions = (
				en,
				Base,
				de,
				es,
			);
			mainGroup = 3DAC543D2EAC24740054484A;
			minimizedProjectReferenceProxies = 1;
			packageReferences = (
				3D242DD72EAEA63600AE350C /* XCRemoteSwiftPackageReference "swift-async-algorithms" */,
				3DD829772EB155B300D2EE7F /* XCRemoteSwiftPackageReference "swift-collections" */,
				3D75FC252EC3AB98008937DD /* XCRemoteSwiftPackageReference "ZIPFoundation" */,
				3D1342282EF6F07500AB678F /* XCRemoteSwiftPackageReference "swift-transformers" */,
			);
			preferredProjectObjectVersion = 77;
			productRefGroup = 3DAC54472EAC24740054484A /* Products */;
			projectDirPath = "";
			projectRoot = "";
			targets = (
				3DAC54452EAC24740054484A /* On-Device_LLM_Chat */,
				3DAC54542EAC24760054484A /* On-Device_LLM_ChatTests */,
				3DAC545E2EAC24760054484A /* On-Device_LLM_ChatUITests */,
			);
		};
/* End PBXProject section */

/* Begin PBXResourcesBuildPhase section */
		3DAC54442EAC24740054484A /* Resources */ = {
			isa = PBXResourcesBuildPhase;
			buildActionMask = 2147483647;
			files = (
				3D11527F2EAFB66200FC2980 /* ChatLLM 2.icon in Resources */,
			);
			runOnlyForDeploymentPostprocessing = 0;
		};
		3DAC54532EAC24760054484A /* Resources */ = {
			isa = PBXResourcesBuildPhase;
			buildActionMask = 2147483647;
			files = (
			);
			runOnlyForDeploymentPostprocessing = 0;
		};
		3DAC545D2EAC24760054484A /* Resources */ = {
			isa = PBXResourcesBuildPhase;
			buildActionMask = 2147483647;
			files = (
			);
			runOnlyForDeploymentPostprocessing = 0;
		};
/* End PBXResourcesBuildPhase section */

/* Begin PBXSourcesBuildPhase section */
		3DAC54422EAC24740054484A /* Sources */ = {
			isa = PBXSourcesBuildPhase;
			buildActionMask = 2147483647;
			files = (
			);
			runOnlyForDeploymentPostprocessing = 0;
		};
		3DAC54512EAC24760054484A /* Sources */ = {
			isa = PBXSourcesBuildPhase;
			buildActionMask = 2147483647;
			files = (
			);
			runOnlyForDeploymentPostprocessing = 0;
		};
		3DAC545B2EAC24760054484A /* Sources */ = {
			isa = PBXSourcesBuildPhase;
			buildActionMask = 2147483647;
			files = (
			);
			runOnlyForDeploymentPostprocessing = 0;
		};
/* End PBXSourcesBuildPhase section */

/* Begin PBXTargetDependency section */
		3DAC54572EAC24760054484A /* PBXTargetDependency */ = {
			isa = PBXTargetDependency;
			target = 3DAC54452EAC24740054484A /* On-Device_LLM_Chat */;
			targetProxy = 3DAC54562EAC24760054484A /* PBXContainerItemProxy */;
		};
		3DAC54612EAC24760054484A /* PBXTargetDependency */ = {
			isa = PBXTargetDependency;
			target = 3DAC54452EAC24740054484A /* On-Device_LLM_Chat */;
			targetProxy = 3DAC54602EAC24760054484A /* PBXContainerItemProxy */;
		};
/* End PBXTargetDependency section */

/* Begin XCBuildConfiguration section */
		3DAC54672EAC24760054484A /* Debug */ = {
			isa = XCBuildConfiguration;
			buildSettings = {
				ALWAYS_SEARCH_USER_PATHS = NO;
				ASSETCATALOG_COMPILER_GENERATE_SWIFT_ASSET_SYMBOL_EXTENSIONS = YES;
				CLANG_ANALYZER_LOCALIZABILITY_NONLOCALIZED = YES;
				CLANG_ANALYZER_NONNULL = YES;
				CLANG_ANALYZER_NUMBER_OBJECT_CONVERSION = YES_AGGRESSIVE;
				CLANG_CXX_LANGUAGE_STANDARD = "gnu++20";
				CLANG_ENABLE_MODULES = YES;
				CLANG_ENABLE_OBJC_ARC = YES;
				CLANG_ENABLE_OBJC_WEAK = YES;
				CLANG_WARN_BLOCK_CAPTURE_AUTORELEASING = YES;
				CLANG_WARN_BOOL_CONVERSION = YES;
				CLANG_WARN_COMMA = YES;
				CLANG_WARN_CONSTANT_CONVERSION = YES;
				CLANG_WARN_DEPRECATED_OBJC_IMPLEMENTATIONS = YES;
				CLANG_WARN_DIRECT_OBJC_ISA_USAGE = YES_ERROR;
				CLANG_WARN_DOCUMENTATION_COMMENTS = YES;
				CLANG_WARN_EMPTY_BODY = YES;
				CLANG_WARN_ENUM_CONVERSION = YES;
				CLANG_WARN_INFINITE_RECURSION = YES;
				CLANG_WARN_INT_CONVERSION = YES;
				CLANG_WARN_NON_LITERAL_NULL_CONVERSION = YES;
				CLANG_WARN_OBJC_IMPLICIT_RETAIN_SELF = YES;
				CLANG_WARN_OBJC_LITERAL_CONVERSION = YES;
				CLANG_WARN_OBJC_ROOT_CLASS = YES_ERROR;
				CLANG_WARN_QUOTED_INCLUDE_IN_FRAMEWORK_HEADER = YES;
				CLANG_WARN_RANGE_LOOP_ANALYSIS = YES;
				CLANG_WARN_STRICT_PROTOTYPES = YES;
				CLANG_WARN_SUSPICIOUS_MOVE = YES;
				CLANG_WARN_UNGUARDED_AVAILABILITY = YES_AGGRESSIVE;
				CLANG_WARN_UNREACHABLE_CODE = YES;
				CLANG_WARN__DUPLICATE_METHOD_MATCH = YES;
				COPY_PHASE_STRIP = NO;
				DEBUG_INFORMATION_FORMAT = dwarf;
				DEVELOPMENT_TEAM = 4438L234SS;
				ENABLE_STRICT_OBJC_MSGSEND = YES;
				ENABLE_TESTABILITY = YES;
				ENABLE_USER_SCRIPT_SANDBOXING = YES;
				GCC_C_LANGUAGE_STANDARD = gnu17;
				GCC_DYNAMIC_NO_PIC = NO;
				GCC_NO_COMMON_BLOCKS = YES;
				GCC_OPTIMIZATION_LEVEL = 0;
				GCC_PREPROCESSOR_DEFINITIONS = (
					"DEBUG=1",
					"$(inherited)",
				);
				GCC_WARN_64_TO_32_BIT_CONVERSION = YES;
				GCC_WARN_ABOUT_RETURN_TYPE = YES_ERROR;
				GCC_WARN_UNDECLARED_SELECTOR = YES;
				GCC_WARN_UNINITIALIZED_AUTOS = YES_AGGRESSIVE;
				GCC_WARN_UNUSED_FUNCTION = YES;
				GCC_WARN_UNUSED_VARIABLE = YES;
				IPHONEOS_DEPLOYMENT_TARGET = 26.0;
				LOCALIZATION_PREFERS_STRING_CATALOGS = YES;
				MTL_ENABLE_DEBUG_INFO = INCLUDE_SOURCE;
				MTL_FAST_MATH = YES;
				ONLY_ACTIVE_ARCH = YES;
				SDKROOT = iphoneos;
				STRING_CATALOG_GENERATE_SYMBOLS = YES;
				SWIFT_ACTIVE_COMPILATION_CONDITIONS = "DEBUG $(inherited)";
				SWIFT_OPTIMIZATION_LEVEL = "-Onone";
			};
			name = Debug;
		};
		3DAC54682EAC24760054484A /* Release */ = {
			isa = XCBuildConfiguration;
			buildSettings = {
				ALWAYS_SEARCH_USER_PATHS = NO;
				ASSETCATALOG_COMPILER_GENERATE_SWIFT_ASSET_SYMBOL_EXTENSIONS = YES;
				CLANG_ANALYZER_LOCALIZABILITY_NONLOCALIZED = YES;
				CLANG_ANALYZER_NONNULL = YES;
				CLANG_ANALYZER_NUMBER_OBJECT_CONVERSION = YES_AGGRESSIVE;
				CLANG_CXX_LANGUAGE_STANDARD = "gnu++20";
				CLANG_ENABLE_MODULES = YES;
				CLANG_ENABLE_OBJC_ARC = YES;
				CLANG_ENABLE_OBJC_WEAK = YES;
				CLANG_WARN_BLOCK_CAPTURE_AUTORELEASING = YES;
				CLANG_WARN_BOOL_CONVERSION = YES;
				CLANG_WARN_COMMA = YES;
				CLANG_WARN_CONSTANT_CONVERSION = YES;
				CLANG_WARN_DEPRECATED_OBJC_IMPLEMENTATIONS = YES;
				CLANG_WARN_DIRECT_OBJC_ISA_USAGE = YES_ERROR;
				CLANG_WARN_DOCUMENTATION_COMMENTS = YES;
				CLANG_WARN_EMPTY_BODY = YES;
				CLANG_WARN_ENUM_CONVERSION = YES;
				CLANG_WARN_INFINITE_RECURSION = YES;
				CLANG_WARN_INT_CONVERSION = YES;
				CLANG_WARN_NON_LITERAL_NULL_CONVERSION = YES;
				CLANG_WARN_OBJC_IMPLICIT_RETAIN_SELF = YES;
				CLANG_WARN_OBJC_LITERAL_CONVERSION = YES;
				CLANG_WARN_OBJC_ROOT_CLASS = YES_ERROR;
				CLANG_WARN_QUOTED_INCLUDE_IN_FRAMEWORK_HEADER = YES;
				CLANG_WARN_RANGE_LOOP_ANALYSIS = YES;
				CLANG_WARN_STRICT_PROTOTYPES = YES;
				CLANG_WARN_SUSPICIOUS_MOVE = YES;
				CLANG_WARN_UNGUARDED_AVAILABILITY = YES_AGGRESSIVE;
				CLANG_WARN_UNREACHABLE_CODE = YES;
				CLANG_WARN__DUPLICATE_METHOD_MATCH = YES;
				COPY_PHASE_STRIP = NO;
				DEBUG_INFORMATION_FORMAT = "dwarf-with-dsym";
				DEVELOPMENT_TEAM = 4438L234SS;
				ENABLE_NS_ASSERTIONS = NO;
				ENABLE_STRICT_OBJC_MSGSEND = YES;
				ENABLE_USER_SCRIPT_SANDBOXING = YES;
				GCC_C_LANGUAGE_STANDARD = gnu17;
				GCC_NO_COMMON_BLOCKS = YES;
				GCC_WARN_64_TO_32_BIT_CONVERSION = YES;
				GCC_WARN_ABOUT_RETURN_TYPE = YES_ERROR;
				GCC_WARN_UNDECLARED_SELECTOR = YES;
				GCC_WARN_UNINITIALIZED_AUTOS = YES_AGGRESSIVE;
				GCC_WARN_UNUSED_FUNCTION = YES;
				GCC_WARN_UNUSED_VARIABLE = YES;
				IPHONEOS_DEPLOYMENT_TARGET = 26.0;
				LOCALIZATION_PREFERS_STRING_CATALOGS = YES;
				MTL_ENABLE_DEBUG_INFO = NO;
				MTL_FAST_MATH = YES;
				SDKROOT = iphoneos;
				STRING_CATALOG_GENERATE_SYMBOLS = YES;
				SWIFT_COMPILATION_MODE = wholemodule;
				VALIDATE_PRODUCT = YES;
			};
			name = Release;
		};
		3DAC546A2EAC24760054484A /* Debug */ = {
			isa = XCBuildConfiguration;
			buildSettings = {
				ASSETCATALOG_COMPILER_APPICON_NAME = "ChatLLM 2";
				ASSETCATALOG_COMPILER_GLOBAL_ACCENT_COLOR_NAME = AccentColor;
				ASSETCATALOG_COMPILER_INCLUDE_ALL_APPICON_ASSETS = NO;
				CODE_SIGN_IDENTITY = "Apple Development";
				CODE_SIGN_STYLE = Automatic;
				COREML_CODEGEN_LANGU = "";
				COREML_CODEGEN_LANGUAGE = None;
				CURRENT_PROJECT_VERSION = 1;
				ENABLE_APP_SANDBOX = YES;
				ENABLE_HARDENED_RUNTIME = YES;
				ENABLE_OUTGOING_NETWORK_CONNECTIONS = YES;
				ENABLE_PREVIEWS = YES;
				GENERATE_INFOPLIST_FILE = YES;
				INFOPLIST_KEY_CFBundleDisplayName = ChatLLM;
				INFOPLIST_KEY_LSApplicationCategoryType = "public.app-category.productivity";
				INFOPLIST_KEY_UIApplicationSceneManifest_Generation = YES;
				INFOPLIST_KEY_UIApplicationSupportsIndirectInputEvents = YES;
				INFOPLIST_KEY_UILaunchScreen_Generation = YES;
				INFOPLIST_KEY_UILaunchStoryboardName = "";
				INFOPLIST_KEY_UISupportedInterfaceOrientations_iPad = "UIInterfaceOrientationPortrait UIInterfaceOrientationPortraitUpsideDown UIInterfaceOrientationLandscapeLeft UIInterfaceOrientationLandscapeRight";
				INFOPLIST_KEY_UISupportedInterfaceOrientations_iPhone = "UIInterfaceOrientationPortrait UIInterfaceOrientationLandscapeLeft UIInterfaceOrientationLandscapeRight";
				LD_RUNPATH_SEARCH_PATHS = (
					"$(inherited)",
					"@executable_path/Frameworks",
				);
				MARKETING_VERSION = 0.9.1;
				PRODUCT_BUNDLE_IDENTIFIER = "Nevio.On-Device-LLM-Chat";
				PRODUCT_NAME = "$(TARGET_NAME)";
				PROVISIONING_PROFILE_SPECIFIER = "";
				REGISTER_APP_GROUPS = YES;
				STRING_CATALOG_GENERATE_SYMBOLS = YES;
				SUPPORTED_PLATFORMS = "iphoneos iphonesimulator";
				SUPPORTS_MACCATALYST = NO;
				SUPPORTS_MAC_DESIGNED_FOR_IPHONE_IPAD = NO;
				SUPPORTS_XR_DESIGNED_FOR_IPHONE_IPAD = NO;
				SWIFT_APPROACHABLE_CONCURRENCY = YES;
				SWIFT_DEFAULT_ACTOR_ISOLATION = MainActor;
				SWIFT_EMIT_LOC_STRINGS = YES;
				SWIFT_UPCOMING_FEATURE_MEMBER_IMPORT_VISIBILITY = YES;
				SWIFT_VERSION = 5.0;
				TARGETED_DEVICE_FAMILY = 1;
			};
			name = Debug;
		};
		3DAC546B2EAC24760054484A /* Release */ = {
			isa = XCBuildConfiguration;
			buildSettings = {
				ASSETCATALOG_COMPILER_APPICON_NAME = "ChatLLM 2";
				ASSETCATALOG_COMPILER_GLOBAL_ACCENT_COLOR_NAME = AccentColor;
				ASSETCATALOG_COMPILER_INCLUDE_ALL_APPICON_ASSETS = NO;
				CODE_SIGN_IDENTITY = "Apple Development";
				CODE_SIGN_STYLE = Automatic;
				COREML_CODEGEN_LANGU = "";
				COREML_CODEGEN_LANGUAGE = None;
				CURRENT_PROJECT_VERSION = 1;
				ENABLE_APP_SANDBOX = YES;
				ENABLE_HARDENED_RUNTIME = YES;
				ENABLE_OUTGOING_NETWORK_CONNECTIONS = YES;
				ENABLE_PREVIEWS = YES;
				GENERATE_INFOPLIST_FILE = YES;
				INFOPLIST_KEY_CFBundleDisplayName = ChatLLM;
				INFOPLIST_KEY_LSApplicationCategoryType = "public.app-category.productivity";
				INFOPLIST_KEY_UIApplicationSceneManifest_Generation = YES;
				INFOPLIST_KEY_UIApplicationSupportsIndirectInputEvents = YES;
				INFOPLIST_KEY_UILaunchScreen_Generation = YES;
				INFOPLIST_KEY_UILaunchStoryboardName = "";
				INFOPLIST_KEY_UISupportedInterfaceOrientations_iPad = "UIInterfaceOrientationPortrait UIInterfaceOrientationPortraitUpsideDown UIInterfaceOrientationLandscapeLeft UIInterfaceOrientationLandscapeRight";
				INFOPLIST_KEY_UISupportedInterfaceOrientations_iPhone = "UIInterfaceOrientationPortrait UIInterfaceOrientationLandscapeLeft UIInterfaceOrientationLandscapeRight";
				LD_RUNPATH_SEARCH_PATHS = (
					"$(inherited)",
					"@executable_path/Frameworks",
				);
				MARKETING_VERSION = 0.9.1;
				PRODUCT_BUNDLE_IDENTIFIER = "Nevio.On-Device-LLM-Chat";
				PRODUCT_NAME = "$(TARGET_NAME)";
				PROVISIONING_PROFILE_SPECIFIER = "";
				REGISTER_APP_GROUPS = YES;
				STRING_CATALOG_GENERATE_SYMBOLS = YES;
				SUPPORTED_PLATFORMS = "iphoneos iphonesimulator";
				SUPPORTS_MACCATALYST = NO;
				SUPPORTS_MAC_DESIGNED_FOR_IPHONE_IPAD = NO;
				SUPPORTS_XR_DESIGNED_FOR_IPHONE_IPAD = NO;
				SWIFT_APPROACHABLE_CONCURRENCY = YES;
				SWIFT_DEFAULT_ACTOR_ISOLATION = MainActor;
				SWIFT_EMIT_LOC_STRINGS = YES;
				SWIFT_UPCOMING_FEATURE_MEMBER_IMPORT_VISIBILITY = YES;
				SWIFT_VERSION = 5.0;
				TARGETED_DEVICE_FAMILY = 1;
			};
			name = Release;
		};
		3DAC546D2EAC24760054484A /* Debug */ = {
			isa = XCBuildConfiguration;
			buildSettings = {
				BUNDLE_LOADER = "$(TEST_HOST)";
				CODE_SIGN_STYLE = Automatic;
				CURRENT_PROJECT_VERSION = 1;
				GENERATE_INFOPLIST_FILE = YES;
				IPHONEOS_DEPLOYMENT_TARGET = 26.0;
				MARKETING_VERSION = 1.0;
				PRODUCT_BUNDLE_IDENTIFIER = "Nevio.On-Device-LLM-ChatTests";
				PRODUCT_NAME = "$(TARGET_NAME)";
				STRING_CATALOG_GENERATE_SYMBOLS = NO;
				SWIFT_APPROACHABLE_CONCURRENCY = YES;
				SWIFT_EMIT_LOC_STRINGS = NO;
				SWIFT_UPCOMING_FEATURE_MEMBER_IMPORT_VISIBILITY = YES;
				SWIFT_VERSION = 6.0;
				TARGETED_DEVICE_FAMILY = "1,2";
				TEST_HOST = "$(BUILT_PRODUCTS_DIR)/On-Device_LLM_Chat.app/$(BUNDLE_EXECUTABLE_FOLDER_PATH)/On-Device_LLM_Chat";
			};
			name = Debug;
		};
		3DAC546E2EAC24760054484A /* Release */ = {
			isa = XCBuildConfiguration;
			buildSettings = {
				BUNDLE_LOADER = "$(TEST_HOST)";
				CODE_SIGN_STYLE = Automatic;
				CURRENT_PROJECT_VERSION = 1;
				GENERATE_INFOPLIST_FILE = YES;
				IPHONEOS_DEPLOYMENT_TARGET = 26.0;
				MARKETING_VERSION = 1.0;
				PRODUCT_BUNDLE_IDENTIFIER = "Nevio.On-Device-LLM-ChatTests";
				PRODUCT_NAME = "$(TARGET_NAME)";
				STRING_CATALOG_GENERATE_SYMBOLS = NO;
				SWIFT_APPROACHABLE_CONCURRENCY = YES;
				SWIFT_EMIT_LOC_STRINGS = NO;
				SWIFT_UPCOMING_FEATURE_MEMBER_IMPORT_VISIBILITY = YES;
				SWIFT_VERSION = 6.0;
				TARGETED_DEVICE_FAMILY = "1,2";
				TEST_HOST = "$(BUILT_PRODUCTS_DIR)/On-Device_LLM_Chat.app/$(BUNDLE_EXECUTABLE_FOLDER_PATH)/On-Device_LLM_Chat";
			};
			name = Release;
		};
		3DAC54702EAC24760054484A /* Debug */ = {
			isa = XCBuildConfiguration;
			buildSettings = {
				CODE_SIGN_STYLE = Automatic;
				CURRENT_PROJECT_VERSION = 1;
				GENERATE_INFOPLIST_FILE = YES;
				MARKETING_VERSION = 1.0;
				PRODUCT_BUNDLE_IDENTIFIER = "Nevio.On-Device-LLM-ChatUITests";
				PRODUCT_NAME = "$(TARGET_NAME)";
				STRING_CATALOG_GENERATE_SYMBOLS = NO;
				SWIFT_APPROACHABLE_CONCURRENCY = YES;
				SWIFT_EMIT_LOC_STRINGS = NO;
				SWIFT_UPCOMING_FEATURE_MEMBER_IMPORT_VISIBILITY = YES;
				SWIFT_VERSION = 5.0;
				TARGETED_DEVICE_FAMILY = "1,2";
				TEST_TARGET_NAME = "On-Device_LLM_Chat";
			};
			name = Debug;
		};
		3DAC54712EAC24760054484A /* Release */ = {
			isa = XCBuildConfiguration;
			buildSettings = {
				CODE_SIGN_STYLE = Automatic;
				CURRENT_PROJECT_VERSION = 1;
				GENERATE_INFOPLIST_FILE = YES;
				MARKETING_VERSION = 1.0;
				PRODUCT_BUNDLE_IDENTIFIER = "Nevio.On-Device-LLM-ChatUITests";
				PRODUCT_NAME = "$(TARGET_NAME)";
				STRING_CATALOG_GENERATE_SYMBOLS = NO;
				SWIFT_APPROACHABLE_CONCURRENCY = YES;
				SWIFT_EMIT_LOC_STRINGS = NO;
				SWIFT_UPCOMING_FEATURE_MEMBER_IMPORT_VISIBILITY = YES;
				SWIFT_VERSION = 5.0;
				TARGETED_DEVICE_FAMILY = "1,2";
				TEST_TARGET_NAME = "On-Device_LLM_Chat";
			};
			name = Release;
		};
/* End XCBuildConfiguration section */

/* Begin XCConfigurationList section */
		3DAC54412EAC24740054484A /* Build configuration list for PBXProject "ChatLLM" */ = {
			isa = XCConfigurationList;
			buildConfigurations = (
				3DAC54672EAC24760054484A /* Debug */,
				3DAC54682EAC24760054484A /* Release */,
			);
			defaultConfigurationIsVisible = 0;
			defaultConfigurationName = Release;
		};
		3DAC54692EAC24760054484A /* Build configuration list for PBXNativeTarget "On-Device_LLM_Chat" */ = {
			isa = XCConfigurationList;
			buildConfigurations = (
				3DAC546A2EAC24760054484A /* Debug */,
				3DAC546B2EAC24760054484A /* Release */,
			);
			defaultConfigurationIsVisible = 0;
			defaultConfigurationName = Release;
		};
		3DAC546C2EAC24760054484A /* Build configuration list for PBXNativeTarget "On-Device_LLM_ChatTests" */ = {
			isa = XCConfigurationList;
			buildConfigurations = (
				3DAC546D2EAC24760054484A /* Debug */,
				3DAC546E2EAC24760054484A /* Release */,
			);
			defaultConfigurationIsVisible = 0;
			defaultConfigurationName = Release;
		};
		3DAC546F2EAC24760054484A /* Build configuration list for PBXNativeTarget "On-Device_LLM_ChatUITests" */ = {
			isa = XCConfigurationList;
			buildConfigurations = (
				3DAC54702EAC24760054484A /* Debug */,
				3DAC54712EAC24760054484A /* Release */,
			);
			defaultConfigurationIsVisible = 0;
			defaultConfigurationName = Release;
		};
/* End XCConfigurationList section */

/* Begin XCRemoteSwiftPackageReference section */
		3D1342282EF6F07500AB678F /* XCRemoteSwiftPackageReference "swift-transformers" */ = {
			isa = XCRemoteSwiftPackageReference;
			repositoryURL = "https://github.com/huggingface/swift-transformers";
			requirement = {
				kind = upToNextMajorVersion;
				minimumVersion = 1.1.6;
			};
		};
		3D242DD72EAEA63600AE350C /* XCRemoteSwiftPackageReference "swift-async-algorithms" */ = {
			isa = XCRemoteSwiftPackageReference;
			repositoryURL = "https://github.com/apple/swift-async-algorithms.git";
			requirement = {
				kind = upToNextMajorVersion;
				minimumVersion = 1.0.4;
			};
		};
		3D75FC252EC3AB98008937DD /* XCRemoteSwiftPackageReference "ZIPFoundation" */ = {
			isa = XCRemoteSwiftPackageReference;
			repositoryURL = "https://github.com/weichsel/ZIPFoundation";
			requirement = {
				kind = upToNextMajorVersion;
				minimumVersion = 0.9.20;
			};
		};
		3DD829772EB155B300D2EE7F /* XCRemoteSwiftPackageReference "swift-collections" */ = {
			isa = XCRemoteSwiftPackageReference;
			repositoryURL = "https://github.com/apple/swift-collections.git";
			requirement = {
				kind = upToNextMajorVersion;
				minimumVersion = 1.3.0;
			};
		};
/* End XCRemoteSwiftPackageReference section */

/* Begin XCSwiftPackageProductDependency section */
		3D1342302EF6F07600AB678F /* Tokenizers */ = {
			isa = XCSwiftPackageProductDependency;
			package = 3D1342282EF6F07500AB678F /* XCRemoteSwiftPackageReference "swift-transformers" */;
			productName = Tokenizers;
		};
		3DD829752EB154F000D2EE7F /* AsyncAlgorithms */ = {
			isa = XCSwiftPackageProductDependency;
			package = 3D242DD72EAEA63600AE350C /* XCRemoteSwiftPackageReference "swift-async-algorithms" */;
			productName = AsyncAlgorithms;
		};
/* End XCSwiftPackageProductDependency section */
	};
	rootObject = 3DAC543E2EAC24740054484A /* Project object */;
}
